
Microsoft Visual Studio Solution File, Format Version 12.00
# Visual Studio Version 16
VisualStudioVersion = 16.0.30611.23
MinimumVisualStudioVersion = 10.0.40219.1
Project("{FAE04EC0-301F-11D3-BF4B-00C04F79EFBC}") = "FirstWindow", "FirstWindow\FirstWindow.csproj", "{1C1B2EFB-955A-4BA5-9263-7741264F8B2D}"
EndProject
Project("{FAE04EC0-301F-11D3-BF4B-00C04F79EFBC}") = "ClassLibrary1", "ClassLibrary1\ClassLibrary1.csproj", "{FB60FBB2-F408-4551-8AB6-DB5A48451AE2}"
EndProject
Global
	GlobalSection(SolutionConfigurationPlatforms) = preSolution
		Debug|Any CPU = Debug|Any CPU
		Release|Any CPU = Release|Any CPU
	EndGlobalSection
	GlobalSection(ProjectConfigurationPlatforms) = postSolution
		{1C1B2EFB-955A-4BA5-9263-7741264F8B2D}.Debug|Any CPU.ActiveCfg = Debug|Any CPU
		{1C1B2EFB-955A-4BA5-9263-7741264F8B2D}.Debug|Any CPU.Build.0 = Debug|Any CPU
		{1C1B2EFB-955A-4BA5-9263-7741264F8B2D}.Release|Any CPU.ActiveCfg = Release|Any CPU
		{1C1B2EFB-955A-4BA5-9263-7741264F8B2D}.Release|Any CPU.Build.0 = Release|Any CPU
		{FB60FBB2-F408-4551-8AB6-DB5A48451AE2}.Debug|Any CPU.ActiveCfg = Debug|Any CPU
		{FB60FBB2-F408-4551-8AB6-DB5A48451AE2}.Debug|Any CPU.Build.0 = Debug|Any CPU
		{FB60FBB2-F408-4551-8AB6-DB5A48451AE2}.Release|Any CPU.ActiveCfg = Release|Any CPU
		{FB60FBB2-F408-4551-8AB6-DB5A48451AE2}.Release|Any CPU.Build.0 = Release|Any CPU
	EndGlobalSection
	GlobalSection(SolutionProperties) = preSolution
		HideSolutionNode = FALSE
	EndGlobalSection
	GlobalSection(ExtensibilityGlobals) = postSolution
		SolutionGuid = {88DBD8B5-F085-4CAE-96AC-323EFD414F8D}
	EndGlobalSection
EndGlobal
